
Microsoft Visual Studio Solution File, Format Version 12.00
# Visual Studio Version 17
VisualStudioVersion = 17.5.33502.453
MinimumVisualStudioVersion = 10.0.40219.1
Project("{9A19103F-16F7-4668-BE54-9A1E7A4F7556}") = "T.Library", "T.Library\T.Library.csproj", "{92C98C83-A0C4-4E67-9552-135F5C542F29}"
EndProject
Project("{9A19103F-16F7-4668-BE54-9A1E7A4F7556}") = "T.Web", "T.Web\T.Web.csproj", "{DDA492B6-3E01-4AB6-AC29-373A8B27E365}"
EndProject
Project("{9A19103F-16F7-4668-BE54-9A1E7A4F7556}") = "T.WebApi", "T.WebApi\T.WebApi.csproj", "{32F10E0B-35EF-4951-ACFA-0AB7432399C8}"
EndProject
Project("{FAE04EC0-301F-11D3-BF4B-00C04F79EFBC}") = "T.Test", "T.Test\T.Test.csproj", "{6E0950F1-FAA5-4C07-A849-9C037F2F6A50}"
EndProject
Global
	GlobalSection(SolutionConfigurationPlatforms) = preSolution
		Debug|Any CPU = Debug|Any CPU
		Release|Any CPU = Release|Any CPU
	EndGlobalSection
	GlobalSection(ProjectConfigurationPlatforms) = postSolution
		{92C98C83-A0C4-4E67-9552-135F5C542F29}.Debug|Any CPU.ActiveCfg = Debug|Any CPU
		{92C98C83-A0C4-4E67-9552-135F5C542F29}.Debug|Any CPU.Build.0 = Debug|Any CPU
		{92C98C83-A0C4-4E67-9552-135F5C542F29}.Release|Any CPU.ActiveCfg = Release|Any CPU
		{92C98C83-A0C4-4E67-9552-135F5C542F29}.Release|Any CPU.Build.0 = Release|Any CPU
		{DDA492B6-3E01-4AB6-AC29-373A8B27E365}.Debug|Any CPU.ActiveCfg = Debug|Any CPU
		{DDA492B6-3E01-4AB6-AC29-373A8B27E365}.Debug|Any CPU.Build.0 = Debug|Any CPU
		{DDA492B6-3E01-4AB6-AC29-373A8B27E365}.Release|Any CPU.ActiveCfg = Release|Any CPU
		{DDA492B6-3E01-4AB6-AC29-373A8B27E365}.Release|Any CPU.Build.0 = Release|Any CPU
		{32F10E0B-35EF-4951-ACFA-0AB7432399C8}.Debug|Any CPU.ActiveCfg = Debug|Any CPU
		{32F10E0B-35EF-4951-ACFA-0AB7432399C8}.Debug|Any CPU.Build.0 = Debug|Any CPU
		{32F10E0B-35EF-4951-ACFA-0AB7432399C8}.Release|Any CPU.ActiveCfg = Release|Any CPU
		{32F10E0B-35EF-4951-ACFA-0AB7432399C8}.Release|Any CPU.Build.0 = Release|Any CPU
		{6E0950F1-FAA5-4C07-A849-9C037F2F6A50}.Debug|Any CPU.ActiveCfg = Debug|Any CPU
		{6E0950F1-FAA5-4C07-A849-9C037F2F6A50}.Debug|Any CPU.Build.0 = Debug|Any CPU
		{6E0950F1-FAA5-4C07-A849-9C037F2F6A50}.Release|Any CPU.ActiveCfg = Release|Any CPU
		{6E0950F1-FAA5-4C07-A849-9C037F2F6A50}.Release|Any CPU.Build.0 = Release|Any CPU
	EndGlobalSection
	GlobalSection(SolutionProperties) = preSolution
		HideSolutionNode = FALSE
	EndGlobalSection
	GlobalSection(ExtensibilityGlobals) = postSolution
		SolutionGuid = {651360BA-B914-4378-B3FB-47A20D39C69E}
	EndGlobalSection
EndGlobal
