
Microsoft Visual Studio Solution File, Format Version 12.00
# Visual Studio Version 17
VisualStudioVersion = 17.5.33502.453
MinimumVisualStudioVersion = 10.0.40219.1
Project("{2150E333-8FDC-42A3-9474-1A3956D46DE8}") = "Libraries", "Libraries", "{E951C603-3D25-4A27-8CAE-C9614E120095}"
EndProject
Project("{FAE04EC0-301F-11D3-BF4B-00C04F79EFBC}") = "T.Library", "Libraries\T.Library\T.Library.csproj", "{B756438E-FA46-4C95-ABCF-8EB06DA65092}"
EndProject
Project("{2150E333-8FDC-42A3-9474-1A3956D46DE8}") = "Presentation", "Presentation", "{7FBBB122-E21A-4E08-8CA3-92DC733D64BB}"
EndProject
Project("{2150E333-8FDC-42A3-9474-1A3956D46DE8}") = "Api", "Api", "{A831CCF9-A9D2-4C8F-9AAE-6A8CE58DD19A}"
EndProject
Project("{FAE04EC0-301F-11D3-BF4B-00C04F79EFBC}") = "T.WebApi", "Presentation\Api\T.WebApi\T.WebApi.csproj", "{AD5E6EBA-4A5D-4644-80A9-6B72DBCA6B28}"
EndProject
Project("{2150E333-8FDC-42A3-9474-1A3956D46DE8}") = "Client", "Client", "{1121BF8D-1CD7-46F0-8387-6B2718D91EA5}"
EndProject
Project("{FAE04EC0-301F-11D3-BF4B-00C04F79EFBC}") = "T.Web", "Presentation\Client\T.Web\T.Web.csproj", "{811380A2-EC0F-43B4-B9C2-F521D9C14778}"
EndProject
Project("{FAE04EC0-301F-11D3-BF4B-00C04F79EFBC}") = "T.Test", "Presentation\T.Test\T.Test.csproj", "{24E23586-067D-42EC-829E-D44649A138C1}"
EndProject
Global
	GlobalSection(SolutionConfigurationPlatforms) = preSolution
		Debug|Any CPU = Debug|Any CPU
		Release|Any CPU = Release|Any CPU
	EndGlobalSection
	GlobalSection(ProjectConfigurationPlatforms) = postSolution
		{92C98C83-A0C4-4E67-9552-135F5C542F29}.Debug|Any CPU.ActiveCfg = Debug|Any CPU
		{92C98C83-A0C4-4E67-9552-135F5C542F29}.Debug|Any CPU.Build.0 = Debug|Any CPU
		{92C98C83-A0C4-4E67-9552-135F5C542F29}.Release|Any CPU.ActiveCfg = Release|Any CPU
		{92C98C83-A0C4-4E67-9552-135F5C542F29}.Release|Any CPU.Build.0 = Release|Any CPU
		{DDA492B6-3E01-4AB6-AC29-373A8B27E365}.Debug|Any CPU.ActiveCfg = Debug|Any CPU
		{DDA492B6-3E01-4AB6-AC29-373A8B27E365}.Debug|Any CPU.Build.0 = Debug|Any CPU
		{DDA492B6-3E01-4AB6-AC29-373A8B27E365}.Release|Any CPU.ActiveCfg = Release|Any CPU
		{DDA492B6-3E01-4AB6-AC29-373A8B27E365}.Release|Any CPU.Build.0 = Release|Any CPU
		{32F10E0B-35EF-4951-ACFA-0AB7432399C8}.Debug|Any CPU.ActiveCfg = Debug|Any CPU
		{32F10E0B-35EF-4951-ACFA-0AB7432399C8}.Debug|Any CPU.Build.0 = Debug|Any CPU
		{32F10E0B-35EF-4951-ACFA-0AB7432399C8}.Release|Any CPU.ActiveCfg = Release|Any CPU
		{32F10E0B-35EF-4951-ACFA-0AB7432399C8}.Release|Any CPU.Build.0 = Release|Any CPU
		{6E0950F1-FAA5-4C07-A849-9C037F2F6A50}.Debug|Any CPU.ActiveCfg = Debug|Any CPU
		{6E0950F1-FAA5-4C07-A849-9C037F2F6A50}.Debug|Any CPU.Build.0 = Debug|Any CPU
		{6E0950F1-FAA5-4C07-A849-9C037F2F6A50}.Release|Any CPU.ActiveCfg = Release|Any CPU
		{6E0950F1-FAA5-4C07-A849-9C037F2F6A50}.Release|Any CPU.Build.0 = Release|Any CPU
		{B756438E-FA46-4C95-ABCF-8EB06DA65092}.Debug|Any CPU.ActiveCfg = Debug|Any CPU
		{B756438E-FA46-4C95-ABCF-8EB06DA65092}.Debug|Any CPU.Build.0 = Debug|Any CPU
		{B756438E-FA46-4C95-ABCF-8EB06DA65092}.Release|Any CPU.ActiveCfg = Release|Any CPU
		{B756438E-FA46-4C95-ABCF-8EB06DA65092}.Release|Any CPU.Build.0 = Release|Any CPU
		{AD5E6EBA-4A5D-4644-80A9-6B72DBCA6B28}.Debug|Any CPU.ActiveCfg = Debug|Any CPU
		{AD5E6EBA-4A5D-4644-80A9-6B72DBCA6B28}.Debug|Any CPU.Build.0 = Debug|Any CPU
		{AD5E6EBA-4A5D-4644-80A9-6B72DBCA6B28}.Release|Any CPU.ActiveCfg = Release|Any CPU
		{AD5E6EBA-4A5D-4644-80A9-6B72DBCA6B28}.Release|Any CPU.Build.0 = Release|Any CPU
		{811380A2-EC0F-43B4-B9C2-F521D9C14778}.Debug|Any CPU.ActiveCfg = Debug|Any CPU
		{811380A2-EC0F-43B4-B9C2-F521D9C14778}.Debug|Any CPU.Build.0 = Debug|Any CPU
		{811380A2-EC0F-43B4-B9C2-F521D9C14778}.Release|Any CPU.ActiveCfg = Release|Any CPU
		{811380A2-EC0F-43B4-B9C2-F521D9C14778}.Release|Any CPU.Build.0 = Release|Any CPU
		{24E23586-067D-42EC-829E-D44649A138C1}.Debug|Any CPU.ActiveCfg = Debug|Any CPU
		{24E23586-067D-42EC-829E-D44649A138C1}.Debug|Any CPU.Build.0 = Debug|Any CPU
		{24E23586-067D-42EC-829E-D44649A138C1}.Release|Any CPU.ActiveCfg = Release|Any CPU
		{24E23586-067D-42EC-829E-D44649A138C1}.Release|Any CPU.Build.0 = Release|Any CPU
	EndGlobalSection
	GlobalSection(SolutionProperties) = preSolution
		HideSolutionNode = FALSE
	EndGlobalSection
	GlobalSection(NestedProjects) = preSolution
		{92C98C83-A0C4-4E67-9552-135F5C542F29} = {65D52BB6-6C88-4F69-8E1A-48D25EF21C2C}
		{DDA492B6-3E01-4AB6-AC29-373A8B27E365} = {1EE6E4F2-153B-4CC8-9C8D-13A565EB8193}
		{32F10E0B-35EF-4951-ACFA-0AB7432399C8} = {518A3BD6-7B1B-4713-B5FC-61322A148016}
		{518A3BD6-7B1B-4713-B5FC-61322A148016} = {ECAA5A57-2EB1-4AAB-ADBE-65E26C8F0ABC}
		{1EE6E4F2-153B-4CC8-9C8D-13A565EB8193} = {ECAA5A57-2EB1-4AAB-ADBE-65E26C8F0ABC}
		{B756438E-FA46-4C95-ABCF-8EB06DA65092} = {E951C603-3D25-4A27-8CAE-C9614E120095}
		{A831CCF9-A9D2-4C8F-9AAE-6A8CE58DD19A} = {7FBBB122-E21A-4E08-8CA3-92DC733D64BB}
		{AD5E6EBA-4A5D-4644-80A9-6B72DBCA6B28} = {A831CCF9-A9D2-4C8F-9AAE-6A8CE58DD19A}
		{1121BF8D-1CD7-46F0-8387-6B2718D91EA5} = {7FBBB122-E21A-4E08-8CA3-92DC733D64BB}
		{811380A2-EC0F-43B4-B9C2-F521D9C14778} = {1121BF8D-1CD7-46F0-8387-6B2718D91EA5}
		{24E23586-067D-42EC-829E-D44649A138C1} = {7FBBB122-E21A-4E08-8CA3-92DC733D64BB}
	EndGlobalSection
	GlobalSection(ExtensibilityGlobals) = postSolution
		SolutionGuid = {651360BA-B914-4378-B3FB-47A20D39C69E}
	EndGlobalSection
EndGlobal
