
Microsoft Visual Studio Solution File, Format Version 12.00
# Visual Studio Version 17
VisualStudioVersion = 17.5.33502.453
MinimumVisualStudioVersion = 10.0.40219.1
Project("{9A19103F-16F7-4668-BE54-9A1E7A4F7556}") = "T.Web", "T.Web\T.Web.csproj", "{B7B41A0A-3D34-4ED3-8924-961C95758E18}"
EndProject
Project("{9A19103F-16F7-4668-BE54-9A1E7A4F7556}") = "T.WebApi", "T.WebApi\T.WebApi.csproj", "{DD0CDFBC-5724-4C82-9BF1-A6A191A98CD5}"
EndProject
Project("{9A19103F-16F7-4668-BE54-9A1E7A4F7556}") = "T.Library", "T.Library\T.Library.csproj", "{8E26E45F-C49F-4853-B784-55DFFDC394CC}"
EndProject
Global
	GlobalSection(SolutionConfigurationPlatforms) = preSolution
		Debug|Any CPU = Debug|Any CPU
		Release|Any CPU = Release|Any CPU
	EndGlobalSection
	GlobalSection(ProjectConfigurationPlatforms) = postSolution
		{B7B41A0A-3D34-4ED3-8924-961C95758E18}.Debug|Any CPU.ActiveCfg = Debug|Any CPU
		{B7B41A0A-3D34-4ED3-8924-961C95758E18}.Debug|Any CPU.Build.0 = Debug|Any CPU
		{B7B41A0A-3D34-4ED3-8924-961C95758E18}.Release|Any CPU.ActiveCfg = Release|Any CPU
		{B7B41A0A-3D34-4ED3-8924-961C95758E18}.Release|Any CPU.Build.0 = Release|Any CPU
		{DD0CDFBC-5724-4C82-9BF1-A6A191A98CD5}.Debug|Any CPU.ActiveCfg = Debug|Any CPU
		{DD0CDFBC-5724-4C82-9BF1-A6A191A98CD5}.Debug|Any CPU.Build.0 = Debug|Any CPU
		{DD0CDFBC-5724-4C82-9BF1-A6A191A98CD5}.Release|Any CPU.ActiveCfg = Release|Any CPU
		{DD0CDFBC-5724-4C82-9BF1-A6A191A98CD5}.Release|Any CPU.Build.0 = Release|Any CPU
		{8E26E45F-C49F-4853-B784-55DFFDC394CC}.Debug|Any CPU.ActiveCfg = Debug|Any CPU
		{8E26E45F-C49F-4853-B784-55DFFDC394CC}.Debug|Any CPU.Build.0 = Debug|Any CPU
		{8E26E45F-C49F-4853-B784-55DFFDC394CC}.Release|Any CPU.ActiveCfg = Release|Any CPU
		{8E26E45F-C49F-4853-B784-55DFFDC394CC}.Release|Any CPU.Build.0 = Release|Any CPU
	EndGlobalSection
	GlobalSection(SolutionProperties) = preSolution
		HideSolutionNode = FALSE
	EndGlobalSection
	GlobalSection(ExtensibilityGlobals) = postSolution
		SolutionGuid = {651360BA-B914-4378-B3FB-47A20D39C69E}
	EndGlobalSection
EndGlobal
